
Microsoft Visual Studio Solution File, Format Version 12.00
# Visual Studio Version 16
VisualStudioVersion = 16.0.30611.23
MinimumVisualStudioVersion = 10.0.40219.1
Project("{9A19103F-16F7-4668-BE54-9A1E7A4F7556}") = "RideShareRestApi", "RideShareRestApi\RideShareRestApi.csproj", "{A548AFA0-D14D-4990-810D-A29086BE6C34}"
EndProject
Project("{FAE04EC0-301F-11D3-BF4B-00C04F79EFBC}") = "RideShareRestApi.Entity", "RideShareRestApi.Entity\RideShareRestApi.Entity.csproj", "{1D45ADE5-810E-4FEA-B2BB-F8BE625D60D0}"
EndProject
Project("{FAE04EC0-301F-11D3-BF4B-00C04F79EFBC}") = "RideShareRestApi.Service", "RideShareRestApi.Service\RideShareRestApi.Service.csproj", "{7A394B5A-5160-4D50-AE48-A1DDC346E425}"
EndProject
Global
	GlobalSection(SolutionConfigurationPlatforms) = preSolution
		Debug|Any CPU = Debug|Any CPU
		Release|Any CPU = Release|Any CPU
	EndGlobalSection
	GlobalSection(ProjectConfigurationPlatforms) = postSolution
		{A548AFA0-D14D-4990-810D-A29086BE6C34}.Debug|Any CPU.ActiveCfg = Debug|Any CPU
		{A548AFA0-D14D-4990-810D-A29086BE6C34}.Debug|Any CPU.Build.0 = Debug|Any CPU
		{A548AFA0-D14D-4990-810D-A29086BE6C34}.Release|Any CPU.ActiveCfg = Release|Any CPU
		{A548AFA0-D14D-4990-810D-A29086BE6C34}.Release|Any CPU.Build.0 = Release|Any CPU
		{1D45ADE5-810E-4FEA-B2BB-F8BE625D60D0}.Debug|Any CPU.ActiveCfg = Debug|Any CPU
		{1D45ADE5-810E-4FEA-B2BB-F8BE625D60D0}.Debug|Any CPU.Build.0 = Debug|Any CPU
		{1D45ADE5-810E-4FEA-B2BB-F8BE625D60D0}.Release|Any CPU.ActiveCfg = Release|Any CPU
		{1D45ADE5-810E-4FEA-B2BB-F8BE625D60D0}.Release|Any CPU.Build.0 = Release|Any CPU
		{7A394B5A-5160-4D50-AE48-A1DDC346E425}.Debug|Any CPU.ActiveCfg = Debug|Any CPU
		{7A394B5A-5160-4D50-AE48-A1DDC346E425}.Debug|Any CPU.Build.0 = Debug|Any CPU
		{7A394B5A-5160-4D50-AE48-A1DDC346E425}.Release|Any CPU.ActiveCfg = Release|Any CPU
		{7A394B5A-5160-4D50-AE48-A1DDC346E425}.Release|Any CPU.Build.0 = Release|Any CPU
	EndGlobalSection
	GlobalSection(SolutionProperties) = preSolution
		HideSolutionNode = FALSE
	EndGlobalSection
	GlobalSection(ExtensibilityGlobals) = postSolution
		SolutionGuid = {8DFA279F-DCFE-4370-817D-76F8700E2CA5}
	EndGlobalSection
EndGlobal
